
Microsoft Visual Studio Solution File, Format Version 12.00
# Visual Studio Version 16
VisualStudioVersion = 16.0.30804.86
MinimumVisualStudioVersion = 10.0.40219.1
Project("{FAE04EC0-301F-11D3-BF4B-00C04F79EFBC}") = "PackageRefIssue", "PackageRefIssue.csproj", "{D6EBEA90-DC9F-4D8F-BD5B-CF7D927FA81D}"
EndProject
Global
	GlobalSection(SolutionConfigurationPlatforms) = preSolution
		Debug|Any CPU = Debug|Any CPU
		Release|Any CPU = Release|Any CPU
	EndGlobalSection
	GlobalSection(ProjectConfigurationPlatforms) = postSolution
		{D6EBEA90-DC9F-4D8F-BD5B-CF7D927FA81D}.Debug|Any CPU.ActiveCfg = Debug|Any CPU
		{D6EBEA90-DC9F-4D8F-BD5B-CF7D927FA81D}.Debug|Any CPU.Build.0 = Debug|Any CPU
		{D6EBEA90-DC9F-4D8F-BD5B-CF7D927FA81D}.Release|Any CPU.ActiveCfg = Release|Any CPU
		{D6EBEA90-DC9F-4D8F-BD5B-CF7D927FA81D}.Release|Any CPU.Build.0 = Release|Any CPU
	EndGlobalSection
	GlobalSection(SolutionProperties) = preSolution
		HideSolutionNode = FALSE
	EndGlobalSection
	GlobalSection(ExtensibilityGlobals) = postSolution
		SolutionGuid = {B76376C2-5457-442D-AEB3-33140C2A08AD}
	EndGlobalSection
EndGlobal
